// !$*UTF8*$!
{
	archiveVersion = 1;
	classes = {
	};
	objectVersion = 56;
	objects = {

/* Begin PBXBuildFile section */
		CEACFA4B29196DA5003A64EE /* SongHavenApp.swift in Sources */ = {isa = PBXBuildFile; fileRef = CEACFA4A29196DA5003A64EE /* SongHavenApp.swift */; };
		CEACFA4D29196DA5003A64EE /* LoginView.swift in Sources */ = {isa = PBXBuildFile; fileRef = CEACFA4C29196DA5003A64EE /* LoginView.swift */; };
		CEACFA4F29196DA6003A64EE /* Assets.xcassets in Resources */ = {isa = PBXBuildFile; fileRef = CEACFA4E29196DA6003A64EE /* Assets.xcassets */; };
		CEACFA5229196DA6003A64EE /* Preview Assets.xcassets in Resources */ = {isa = PBXBuildFile; fileRef = CEACFA5129196DA6003A64EE /* Preview Assets.xcassets */; };
		CEACFA5429196DA6003A64EE /* Persistence.swift in Sources */ = {isa = PBXBuildFile; fileRef = CEACFA5329196DA6003A64EE /* Persistence.swift */; };
		CEACFA5729196DA6003A64EE /* SongHaven.xcdatamodeld in Sources */ = {isa = PBXBuildFile; fileRef = CEACFA5529196DA6003A64EE /* SongHaven.xcdatamodeld */; };
		CEACFA6129196DA6003A64EE /* SongHavenTests.swift in Sources */ = {isa = PBXBuildFile; fileRef = CEACFA6029196DA6003A64EE /* SongHavenTests.swift */; };
		CEACFA6B29196DA6003A64EE /* SongHavenUITests.swift in Sources */ = {isa = PBXBuildFile; fileRef = CEACFA6A29196DA6003A64EE /* SongHavenUITests.swift */; };
		CEACFA6D29196DA6003A64EE /* SongHavenUITestsLaunchTests.swift in Sources */ = {isa = PBXBuildFile; fileRef = CEACFA6C29196DA6003A64EE /* SongHavenUITestsLaunchTests.swift */; };
/* End PBXBuildFile section */

/* Begin PBXContainerItemProxy section */
		CEACFA5D29196DA6003A64EE /* PBXContainerItemProxy */ = {
			isa = PBXContainerItemProxy;
			containerPortal = CEACFA3F29196DA5003A64EE /* Project object */;
			proxyType = 1;
			remoteGlobalIDString = CEACFA4629196DA5003A64EE;
			remoteInfo = SongHaven;
		};
		CEACFA6729196DA6003A64EE /* PBXContainerItemProxy */ = {
			isa = PBXContainerItemProxy;
			containerPortal = CEACFA3F29196DA5003A64EE /* Project object */;
			proxyType = 1;
			remoteGlobalIDString = CEACFA4629196DA5003A64EE;
			remoteInfo = SongHaven;
		};
/* End PBXContainerItemProxy section */

/* Begin PBXFileReference section */
		CEACFA4729196DA5003A64EE /* SongHaven.app */ = {isa = PBXFileReference; explicitFileType = wrapper.application; includeInIndex = 0; path = SongHaven.app; sourceTree = BUILT_PRODUCTS_DIR; };
		CEACFA4A29196DA5003A64EE /* SongHavenApp.swift */ = {isa = PBXFileReference; lastKnownFileType = sourcecode.swift; path = SongHavenApp.swift; sourceTree = "<group>"; };
		CEACFA4C29196DA5003A64EE /* LoginView.swift */ = {isa = PBXFileReference; lastKnownFileType = sourcecode.swift; path = LoginView.swift; sourceTree = "<group>"; };
		CEACFA4E29196DA6003A64EE /* Assets.xcassets */ = {isa = PBXFileReference; lastKnownFileType = folder.assetcatalog; path = Assets.xcassets; sourceTree = "<group>"; };
		CEACFA5129196DA6003A64EE /* Preview Assets.xcassets */ = {isa = PBXFileReference; lastKnownFileType = folder.assetcatalog; path = "Preview Assets.xcassets"; sourceTree = "<group>"; };
		CEACFA5329196DA6003A64EE /* Persistence.swift */ = {isa = PBXFileReference; lastKnownFileType = sourcecode.swift; path = Persistence.swift; sourceTree = "<group>"; };
		CEACFA5629196DA6003A64EE /* SongHaven.xcdatamodel */ = {isa = PBXFileReference; lastKnownFileType = wrapper.xcdatamodel; path = SongHaven.xcdatamodel; sourceTree = "<group>"; };
		CEACFA5C29196DA6003A64EE /* SongHavenTests.xctest */ = {isa = PBXFileReference; explicitFileType = wrapper.cfbundle; includeInIndex = 0; path = SongHavenTests.xctest; sourceTree = BUILT_PRODUCTS_DIR; };
		CEACFA6029196DA6003A64EE /* SongHavenTests.swift */ = {isa = PBXFileReference; lastKnownFileType = sourcecode.swift; path = SongHavenTests.swift; sourceTree = "<group>"; };
		CEACFA6629196DA6003A64EE /* SongHavenUITests.xctest */ = {isa = PBXFileReference; explicitFileType = wrapper.cfbundle; includeInIndex = 0; path = SongHavenUITests.xctest; sourceTree = BUILT_PRODUCTS_DIR; };
		CEACFA6A29196DA6003A64EE /* SongHavenUITests.swift */ = {isa = PBXFileReference; lastKnownFileType = sourcecode.swift; path = SongHavenUITests.swift; sourceTree = "<group>"; };
		CEACFA6C29196DA6003A64EE /* SongHavenUITestsLaunchTests.swift */ = {isa = PBXFileReference; lastKnownFileType = sourcecode.swift; path = SongHavenUITestsLaunchTests.swift; sourceTree = "<group>"; };
/* End PBXFileReference section */

/* Begin PBXFrameworksBuildPhase section */
		CEACFA4429196DA5003A64EE /* Frameworks */ = {
			isa = PBXFrameworksBuildPhase;
			buildActionMask = 2147483647;
			files = (
			);
			runOnlyForDeploymentPostprocessing = 0;
		};
		CEACFA5929196DA6003A64EE /* Frameworks */ = {
			isa = PBXFrameworksBuildPhase;
			buildActionMask = 2147483647;
			files = (
			);
			runOnlyForDeploymentPostprocessing = 0;
		};
		CEACFA6329196DA6003A64EE /* Frameworks */ = {
			isa = PBXFrameworksBuildPhase;
			buildActionMask = 2147483647;
			files = (
			);
			runOnlyForDeploymentPostprocessing = 0;
		};
/* End PBXFrameworksBuildPhase section */

/* Begin PBXGroup section */
		CEACFA3E29196DA5003A64EE = {
			isa = PBXGroup;
			children = (
				CEACFA4929196DA5003A64EE /* SongHaven */,
				CEACFA5F29196DA6003A64EE /* SongHavenTests */,
				CEACFA6929196DA6003A64EE /* SongHavenUITests */,
				CEACFA4829196DA5003A64EE /* Products */,
			);
			sourceTree = "<group>";
		};
		CEACFA4829196DA5003A64EE /* Products */ = {
			isa = PBXGroup;
			children = (
				CEACFA4729196DA5003A64EE /* SongHaven.app */,
				CEACFA5C29196DA6003A64EE /* SongHavenTests.xctest */,
				CEACFA6629196DA6003A64EE /* SongHavenUITests.xctest */,
			);
			name = Products;
			sourceTree = "<group>";
		};
		CEACFA4929196DA5003A64EE /* SongHaven */ = {
			isa = PBXGroup;
			children = (
				CEACFA4A29196DA5003A64EE /* SongHavenApp.swift */,
				CEACFA4C29196DA5003A64EE /* LoginView.swift */,
				CEACFA4E29196DA6003A64EE /* Assets.xcassets */,
				CEACFA5329196DA6003A64EE /* Persistence.swift */,
				CEACFA5529196DA6003A64EE /* SongHaven.xcdatamodeld */,
				CEACFA5029196DA6003A64EE /* Preview Content */,
			);
			path = SongHaven;
			sourceTree = "<group>";
		};
		CEACFA5029196DA6003A64EE /* Preview Content */ = {
			isa = PBXGroup;
			children = (
				CEACFA5129196DA6003A64EE /* Preview Assets.xcassets */,
			);
			path = "Preview Content";
			sourceTree = "<group>";
		};
		CEACFA5F29196DA6003A64EE /* SongHavenTests */ = {
			isa = PBXGroup;
			children = (
				CEACFA6029196DA6003A64EE /* SongHavenTests.swift */,
			);
			path = SongHavenTests;
			sourceTree = "<group>";
		};
		CEACFA6929196DA6003A64EE /* SongHavenUITests */ = {
			isa = PBXGroup;
			children = (
				CEACFA6A29196DA6003A64EE /* SongHavenUITests.swift */,
				CEACFA6C29196DA6003A64EE /* SongHavenUITestsLaunchTests.swift */,
			);
			path = SongHavenUITests;
			sourceTree = "<group>";
		};
/* End PBXGroup section */

/* Begin PBXNativeTarget section */
		CEACFA4629196DA5003A64EE /* SongHaven */ = {
			isa = PBXNativeTarget;
			buildConfigurationList = CEACFA7029196DA6003A64EE /* Build configuration list for PBXNativeTarget "SongHaven" */;
			buildPhases = (
				CEACFA4329196DA5003A64EE /* Sources */,
				CEACFA4429196DA5003A64EE /* Frameworks */,
				CEACFA4529196DA5003A64EE /* Resources */,
			);
			buildRules = (
			);
			dependencies = (
			);
			name = SongHaven;
			productName = SongHaven;
			productReference = CEACFA4729196DA5003A64EE /* SongHaven.app */;
			productType = "com.apple.product-type.application";
		};
		CEACFA5B29196DA6003A64EE /* SongHavenTests */ = {
			isa = PBXNativeTarget;
			buildConfigurationList = CEACFA7329196DA6003A64EE /* Build configuration list for PBXNativeTarget "SongHavenTests" */;
			buildPhases = (
				CEACFA5829196DA6003A64EE /* Sources */,
				CEACFA5929196DA6003A64EE /* Frameworks */,
				CEACFA5A29196DA6003A64EE /* Resources */,
			);
			buildRules = (
			);
			dependencies = (
				CEACFA5E29196DA6003A64EE /* PBXTargetDependency */,
			);
			name = SongHavenTests;
			productName = SongHavenTests;
			productReference = CEACFA5C29196DA6003A64EE /* SongHavenTests.xctest */;
			productType = "com.apple.product-type.bundle.unit-test";
		};
		CEACFA6529196DA6003A64EE /* SongHavenUITests */ = {
			isa = PBXNativeTarget;
			buildConfigurationList = CEACFA7629196DA6003A64EE /* Build configuration list for PBXNativeTarget "SongHavenUITests" */;
			buildPhases = (
				CEACFA6229196DA6003A64EE /* Sources */,
				CEACFA6329196DA6003A64EE /* Frameworks */,
				CEACFA6429196DA6003A64EE /* Resources */,
			);
			buildRules = (
			);
			dependencies = (
				CEACFA6829196DA6003A64EE /* PBXTargetDependency */,
			);
			name = SongHavenUITests;
			productName = SongHavenUITests;
			productReference = CEACFA6629196DA6003A64EE /* SongHavenUITests.xctest */;
			productType = "com.apple.product-type.bundle.ui-testing";
		};
/* End PBXNativeTarget section */

/* Begin PBXProject section */
		CEACFA3F29196DA5003A64EE /* Project object */ = {
			isa = PBXProject;
			attributes = {
				BuildIndependentTargetsInParallel = 1;
				LastSwiftUpdateCheck = 1400;
				LastUpgradeCheck = 1400;
				TargetAttributes = {
					CEACFA4629196DA5003A64EE = {
						CreatedOnToolsVersion = 14.0.1;
					};
					CEACFA5B29196DA6003A64EE = {
						CreatedOnToolsVersion = 14.0.1;
						TestTargetID = CEACFA4629196DA5003A64EE;
					};
					CEACFA6529196DA6003A64EE = {
						CreatedOnToolsVersion = 14.0.1;
						TestTargetID = CEACFA4629196DA5003A64EE;
					};
				};
			};
			buildConfigurationList = CEACFA4229196DA5003A64EE /* Build configuration list for PBXProject "SongHaven" */;
			compatibilityVersion = "Xcode 14.0";
			developmentRegion = en;
			hasScannedForEncodings = 0;
			knownRegions = (
				en,
				Base,
			);
			mainGroup = CEACFA3E29196DA5003A64EE;
			productRefGroup = CEACFA4829196DA5003A64EE /* Products */;
			projectDirPath = "";
			projectRoot = "";
			targets = (
				CEACFA4629196DA5003A64EE /* SongHaven */,
				CEACFA5B29196DA6003A64EE /* SongHavenTests */,
				CEACFA6529196DA6003A64EE /* SongHavenUITests */,
			);
		};
/* End PBXProject section */

/* Begin PBXResourcesBuildPhase section */
		CEACFA4529196DA5003A64EE /* Resources */ = {
			isa = PBXResourcesBuildPhase;
			buildActionMask = 2147483647;
			files = (
				CEACFA5229196DA6003A64EE /* Preview Assets.xcassets in Resources */,
				CEACFA4F29196DA6003A64EE /* Assets.xcassets in Resources */,
			);
			runOnlyForDeploymentPostprocessing = 0;
		};
		CEACFA5A29196DA6003A64EE /* Resources */ = {
			isa = PBXResourcesBuildPhase;
			buildActionMask = 2147483647;
			files = (
			);
			runOnlyForDeploymentPostprocessing = 0;
		};
		CEACFA6429196DA6003A64EE /* Resources */ = {
			isa = PBXResourcesBuildPhase;
			buildActionMask = 2147483647;
			files = (
			);
			runOnlyForDeploymentPostprocessing = 0;
		};
/* End PBXResourcesBuildPhase section */

/* Begin PBXSourcesBuildPhase section */
		CEACFA4329196DA5003A64EE /* Sources */ = {
			isa = PBXSourcesBuildPhase;
			buildActionMask = 2147483647;
			files = (
				CEACFA5429196DA6003A64EE /* Persistence.swift in Sources */,
				CEACFA4D29196DA5003A64EE /* LoginView.swift in Sources */,
				CEACFA4B29196DA5003A64EE /* SongHavenApp.swift in Sources */,
				CEACFA5729196DA6003A64EE /* SongHaven.xcdatamodeld in Sources */,
			);
			runOnlyForDeploymentPostprocessing = 0;
		};
		CEACFA5829196DA6003A64EE /* Sources */ = {
			isa = PBXSourcesBuildPhase;
			buildActionMask = 2147483647;
			files = (
				CEACFA6129196DA6003A64EE /* SongHavenTests.swift in Sources */,
			);
			runOnlyForDeploymentPostprocessing = 0;
		};
		CEACFA6229196DA6003A64EE /* Sources */ = {
			isa = PBXSourcesBuildPhase;
			buildActionMask = 2147483647;
			files = (
				CEACFA6D29196DA6003A64EE /* SongHavenUITestsLaunchTests.swift in Sources */,
				CEACFA6B29196DA6003A64EE /* SongHavenUITests.swift in Sources */,
			);
			runOnlyForDeploymentPostprocessing = 0;
		};
/* End PBXSourcesBuildPhase section */

/* Begin PBXTargetDependency section */
		CEACFA5E29196DA6003A64EE /* PBXTargetDependency */ = {
			isa = PBXTargetDependency;
			target = CEACFA4629196DA5003A64EE /* SongHaven */;
			targetProxy = CEACFA5D29196DA6003A64EE /* PBXContainerItemProxy */;
		};
		CEACFA6829196DA6003A64EE /* PBXTargetDependency */ = {
			isa = PBXTargetDependency;
			target = CEACFA4629196DA5003A64EE /* SongHaven */;
			targetProxy = CEACFA6729196DA6003A64EE /* PBXContainerItemProxy */;
		};
/* End PBXTargetDependency section */

/* Begin XCBuildConfiguration section */
		CEACFA6E29196DA6003A64EE /* Debug */ = {
			isa = XCBuildConfiguration;
			buildSettings = {
				ALWAYS_SEARCH_USER_PATHS = NO;
				CLANG_ANALYZER_NONNULL = YES;
				CLANG_ANALYZER_NUMBER_OBJECT_CONVERSION = YES_AGGRESSIVE;
				CLANG_CXX_LANGUAGE_STANDARD = "gnu++20";
				CLANG_ENABLE_MODULES = YES;
				CLANG_ENABLE_OBJC_ARC = YES;
				CLANG_ENABLE_OBJC_WEAK = YES;
				CLANG_WARN_BLOCK_CAPTURE_AUTORELEASING = YES;
				CLANG_WARN_BOOL_CONVERSION = YES;
				CLANG_WARN_COMMA = YES;
				CLANG_WARN_CONSTANT_CONVERSION = YES;
				CLANG_WARN_DEPRECATED_OBJC_IMPLEMENTATIONS = YES;
				CLANG_WARN_DIRECT_OBJC_ISA_USAGE = YES_ERROR;
				CLANG_WARN_DOCUMENTATION_COMMENTS = YES;
				CLANG_WARN_EMPTY_BODY = YES;
				CLANG_WARN_ENUM_CONVERSION = YES;
				CLANG_WARN_INFINITE_RECURSION = YES;
				CLANG_WARN_INT_CONVERSION = YES;
				CLANG_WARN_NON_LITERAL_NULL_CONVERSION = YES;
				CLANG_WARN_OBJC_IMPLICIT_RETAIN_SELF = YES;
				CLANG_WARN_OBJC_LITERAL_CONVERSION = YES;
				CLANG_WARN_OBJC_ROOT_CLASS = YES_ERROR;
				CLANG_WARN_QUOTED_INCLUDE_IN_FRAMEWORK_HEADER = YES;
				CLANG_WARN_RANGE_LOOP_ANALYSIS = YES;
				CLANG_WARN_STRICT_PROTOTYPES = YES;
				CLANG_WARN_SUSPICIOUS_MOVE = YES;
				CLANG_WARN_UNGUARDED_AVAILABILITY = YES_AGGRESSIVE;
				CLANG_WARN_UNREACHABLE_CODE = YES;
				CLANG_WARN__DUPLICATE_METHOD_MATCH = YES;
				COPY_PHASE_STRIP = NO;
				DEBUG_INFORMATION_FORMAT = dwarf;
				ENABLE_STRICT_OBJC_MSGSEND = YES;
				ENABLE_TESTABILITY = YES;
				GCC_C_LANGUAGE_STANDARD = gnu11;
				GCC_DYNAMIC_NO_PIC = NO;
				GCC_NO_COMMON_BLOCKS = YES;
				GCC_OPTIMIZATION_LEVEL = 0;
				GCC_PREPROCESSOR_DEFINITIONS = (
					"DEBUG=1",
					"$(inherited)",
				);
				GCC_WARN_64_TO_32_BIT_CONVERSION = YES;
				GCC_WARN_ABOUT_RETURN_TYPE = YES_ERROR;
				GCC_WARN_UNDECLARED_SELECTOR = YES;
				GCC_WARN_UNINITIALIZED_AUTOS = YES_AGGRESSIVE;
				GCC_WARN_UNUSED_FUNCTION = YES;
				GCC_WARN_UNUSED_VARIABLE = YES;
				IPHONEOS_DEPLOYMENT_TARGET = 16.0;
				MTL_ENABLE_DEBUG_INFO = INCLUDE_SOURCE;
				MTL_FAST_MATH = YES;
				ONLY_ACTIVE_ARCH = YES;
				SDKROOT = iphoneos;
				SWIFT_ACTIVE_COMPILATION_CONDITIONS = DEBUG;
				SWIFT_OPTIMIZATION_LEVEL = "-Onone";
			};
			name = Debug;
		};
		CEACFA6F29196DA6003A64EE /* Release */ = {
			isa = XCBuildConfiguration;
			buildSettings = {
				ALWAYS_SEARCH_USER_PATHS = NO;
				CLANG_ANALYZER_NONNULL = YES;
				CLANG_ANALYZER_NUMBER_OBJECT_CONVERSION = YES_AGGRESSIVE;
				CLANG_CXX_LANGUAGE_STANDARD = "gnu++20";
				CLANG_ENABLE_MODULES = YES;
				CLANG_ENABLE_OBJC_ARC = YES;
				CLANG_ENABLE_OBJC_WEAK = YES;
				CLANG_WARN_BLOCK_CAPTURE_AUTORELEASING = YES;
				CLANG_WARN_BOOL_CONVERSION = YES;
				CLANG_WARN_COMMA = YES;
				CLANG_WARN_CONSTANT_CONVERSION = YES;
				CLANG_WARN_DEPRECATED_OBJC_IMPLEMENTATIONS = YES;
				CLANG_WARN_DIRECT_OBJC_ISA_USAGE = YES_ERROR;
				CLANG_WARN_DOCUMENTATION_COMMENTS = YES;
				CLANG_WARN_EMPTY_BODY = YES;
				CLANG_WARN_ENUM_CONVERSION = YES;
				CLANG_WARN_INFINITE_RECURSION = YES;
				CLANG_WARN_INT_CONVERSION = YES;
				CLANG_WARN_NON_LITERAL_NULL_CONVERSION = YES;
				CLANG_WARN_OBJC_IMPLICIT_RETAIN_SELF = YES;
				CLANG_WARN_OBJC_LITERAL_CONVERSION = YES;
				CLANG_WARN_OBJC_ROOT_CLASS = YES_ERROR;
				CLANG_WARN_QUOTED_INCLUDE_IN_FRAMEWORK_HEADER = YES;
				CLANG_WARN_RANGE_LOOP_ANALYSIS = YES;
				CLANG_WARN_STRICT_PROTOTYPES = YES;
				CLANG_WARN_SUSPICIOUS_MOVE = YES;
				CLANG_WARN_UNGUARDED_AVAILABILITY = YES_AGGRESSIVE;
				CLANG_WARN_UNREACHABLE_CODE = YES;
				CLANG_WARN__DUPLICATE_METHOD_MATCH = YES;
				COPY_PHASE_STRIP = NO;
				DEBUG_INFORMATION_FORMAT = "dwarf-with-dsym";
				ENABLE_NS_ASSERTIONS = NO;
				ENABLE_STRICT_OBJC_MSGSEND = YES;
				GCC_C_LANGUAGE_STANDARD = gnu11;
				GCC_NO_COMMON_BLOCKS = YES;
				GCC_WARN_64_TO_32_BIT_CONVERSION = YES;
				GCC_WARN_ABOUT_RETURN_TYPE = YES_ERROR;
				GCC_WARN_UNDECLARED_SELECTOR = YES;
				GCC_WARN_UNINITIALIZED_AUTOS = YES_AGGRESSIVE;
				GCC_WARN_UNUSED_FUNCTION = YES;
				GCC_WARN_UNUSED_VARIABLE = YES;
				IPHONEOS_DEPLOYMENT_TARGET = 16.0;
				MTL_ENABLE_DEBUG_INFO = NO;
				MTL_FAST_MATH = YES;
				SDKROOT = iphoneos;
				SWIFT_COMPILATION_MODE = wholemodule;
				SWIFT_OPTIMIZATION_LEVEL = "-O";
				VALIDATE_PRODUCT = YES;
			};
			name = Release;
		};
		CEACFA7129196DA6003A64EE /* Debug */ = {
			isa = XCBuildConfiguration;
			buildSettings = {
				ASSETCATALOG_COMPILER_APPICON_NAME = AppIcon;
				ASSETCATALOG_COMPILER_GLOBAL_ACCENT_COLOR_NAME = AccentColor;
				CODE_SIGN_STYLE = Automatic;
				CURRENT_PROJECT_VERSION = 1;
				DEVELOPMENT_ASSET_PATHS = "\"SongHaven/Preview Content\"";
				ENABLE_PREVIEWS = YES;
				GENERATE_INFOPLIST_FILE = YES;
				INFOPLIST_KEY_UIApplicationSceneManifest_Generation = YES;
				INFOPLIST_KEY_UIApplicationSupportsIndirectInputEvents = YES;
				INFOPLIST_KEY_UILaunchScreen_Generation = YES;
				INFOPLIST_KEY_UISupportedInterfaceOrientations_iPad = "UIInterfaceOrientationPortrait UIInterfaceOrientationPortraitUpsideDown UIInterfaceOrientationLandscapeLeft UIInterfaceOrientationLandscapeRight";
				INFOPLIST_KEY_UISupportedInterfaceOrientations_iPhone = "UIInterfaceOrientationPortrait UIInterfaceOrientationLandscapeLeft UIInterfaceOrientationLandscapeRight";
				LD_RUNPATH_SEARCH_PATHS = (
					"$(inherited)",
					"@executable_path/Frameworks",
				);
				MARKETING_VERSION = 1.0;
				PRODUCT_BUNDLE_IDENTIFIER = com.esprit.SongHaven.SongHaven;
				PRODUCT_NAME = "$(TARGET_NAME)";
				SWIFT_EMIT_LOC_STRINGS = YES;
				SWIFT_VERSION = 5.0;
				TARGETED_DEVICE_FAMILY = "1,2";
			};
			name = Debug;
		};
		CEACFA7229196DA6003A64EE /* Release */ = {
			isa = XCBuildConfiguration;
			buildSettings = {
				ASSETCATALOG_COMPILER_APPICON_NAME = AppIcon;
				ASSETCATALOG_COMPILER_GLOBAL_ACCENT_COLOR_NAME = AccentColor;
				CODE_SIGN_STYLE = Automatic;
				CURRENT_PROJECT_VERSION = 1;
				DEVELOPMENT_ASSET_PATHS = "\"SongHaven/Preview Content\"";
				ENABLE_PREVIEWS = YES;
				GENERATE_INFOPLIST_FILE = YES;
				INFOPLIST_KEY_UIApplicationSceneManifest_Generation = YES;
				INFOPLIST_KEY_UIApplicationSupportsIndirectInputEvents = YES;
				INFOPLIST_KEY_UILaunchScreen_Generation = YES;
				INFOPLIST_KEY_UISupportedInterfaceOrientations_iPad = "UIInterfaceOrientationPortrait UIInterfaceOrientationPortraitUpsideDown UIInterfaceOrientationLandscapeLeft UIInterfaceOrientationLandscapeRight";
				INFOPLIST_KEY_UISupportedInterfaceOrientations_iPhone = "UIInterfaceOrientationPortrait UIInterfaceOrientationLandscapeLeft UIInterfaceOrientationLandscapeRight";
				LD_RUNPATH_SEARCH_PATHS = (
					"$(inherited)",
					"@executable_path/Frameworks",
				);
				MARKETING_VERSION = 1.0;
				PRODUCT_BUNDLE_IDENTIFIER = com.esprit.SongHaven.SongHaven;
				PRODUCT_NAME = "$(TARGET_NAME)";
				SWIFT_EMIT_LOC_STRINGS = YES;
				SWIFT_VERSION = 5.0;
				TARGETED_DEVICE_FAMILY = "1,2";
			};
			name = Release;
		};
		CEACFA7429196DA6003A64EE /* Debug */ = {
			isa = XCBuildConfiguration;
			buildSettings = {
				ALWAYS_EMBED_SWIFT_STANDARD_LIBRARIES = YES;
				BUNDLE_LOADER = "$(TEST_HOST)";
				CODE_SIGN_STYLE = Automatic;
				CURRENT_PROJECT_VERSION = 1;
				GENERATE_INFOPLIST_FILE = YES;
				IPHONEOS_DEPLOYMENT_TARGET = 16.0;
				MARKETING_VERSION = 1.0;
				PRODUCT_BUNDLE_IDENTIFIER = com.esprit.SongHaven.SongHavenTests;
				PRODUCT_NAME = "$(TARGET_NAME)";
				SWIFT_EMIT_LOC_STRINGS = NO;
				SWIFT_VERSION = 5.0;
				TARGETED_DEVICE_FAMILY = "1,2";
				TEST_HOST = "$(BUILT_PRODUCTS_DIR)/SongHaven.app/$(BUNDLE_EXECUTABLE_FOLDER_PATH)/SongHaven";
			};
			name = Debug;
		};
		CEACFA7529196DA6003A64EE /* Release */ = {
			isa = XCBuildConfiguration;
			buildSettings = {
				ALWAYS_EMBED_SWIFT_STANDARD_LIBRARIES = YES;
				BUNDLE_LOADER = "$(TEST_HOST)";
				CODE_SIGN_STYLE = Automatic;
				CURRENT_PROJECT_VERSION = 1;
				GENERATE_INFOPLIST_FILE = YES;
				IPHONEOS_DEPLOYMENT_TARGET = 16.0;
				MARKETING_VERSION = 1.0;
				PRODUCT_BUNDLE_IDENTIFIER = com.esprit.SongHaven.SongHavenTests;
				PRODUCT_NAME = "$(TARGET_NAME)";
				SWIFT_EMIT_LOC_STRINGS = NO;
				SWIFT_VERSION = 5.0;
				TARGETED_DEVICE_FAMILY = "1,2";
				TEST_HOST = "$(BUILT_PRODUCTS_DIR)/SongHaven.app/$(BUNDLE_EXECUTABLE_FOLDER_PATH)/SongHaven";
			};
			name = Release;
		};
		CEACFA7729196DA6003A64EE /* Debug */ = {
			isa = XCBuildConfiguration;
			buildSettings = {
				ALWAYS_EMBED_SWIFT_STANDARD_LIBRARIES = YES;
				CODE_SIGN_STYLE = Automatic;
				CURRENT_PROJECT_VERSION = 1;
				GENERATE_INFOPLIST_FILE = YES;
				MARKETING_VERSION = 1.0;
				PRODUCT_BUNDLE_IDENTIFIER = com.esprit.SongHaven.SongHavenUITests;
				PRODUCT_NAME = "$(TARGET_NAME)";
				SWIFT_EMIT_LOC_STRINGS = NO;
				SWIFT_VERSION = 5.0;
				TARGETED_DEVICE_FAMILY = "1,2";
				TEST_TARGET_NAME = SongHaven;
			};
			name = Debug;
		};
		CEACFA7829196DA6003A64EE /* Release */ = {
			isa = XCBuildConfiguration;
			buildSettings = {
				ALWAYS_EMBED_SWIFT_STANDARD_LIBRARIES = YES;
				CODE_SIGN_STYLE = Automatic;
				CURRENT_PROJECT_VERSION = 1;
				GENERATE_INFOPLIST_FILE = YES;
				MARKETING_VERSION = 1.0;
				PRODUCT_BUNDLE_IDENTIFIER = com.esprit.SongHaven.SongHavenUITests;
				PRODUCT_NAME = "$(TARGET_NAME)";
				SWIFT_EMIT_LOC_STRINGS = NO;
				SWIFT_VERSION = 5.0;
				TARGETED_DEVICE_FAMILY = "1,2";
				TEST_TARGET_NAME = SongHaven;
			};
			name = Release;
		};
/* End XCBuildConfiguration section */

/* Begin XCConfigurationList section */
		CEACFA4229196DA5003A64EE /* Build configuration list for PBXProject "SongHaven" */ = {
			isa = XCConfigurationList;
			buildConfigurations = (
				CEACFA6E29196DA6003A64EE /* Debug */,
				CEACFA6F29196DA6003A64EE /* Release */,
			);
			defaultConfigurationIsVisible = 0;
			defaultConfigurationName = Release;
		};
		CEACFA7029196DA6003A64EE /* Build configuration list for PBXNativeTarget "SongHaven" */ = {
			isa = XCConfigurationList;
			buildConfigurations = (
				CEACFA7129196DA6003A64EE /* Debug */,
				CEACFA7229196DA6003A64EE /* Release */,
			);
			defaultConfigurationIsVisible = 0;
			defaultConfigurationName = Release;
		};
		CEACFA7329196DA6003A64EE /* Build configuration list for PBXNativeTarget "SongHavenTests" */ = {
			isa = XCConfigurationList;
			buildConfigurations = (
				CEACFA7429196DA6003A64EE /* Debug */,
				CEACFA7529196DA6003A64EE /* Release */,
			);
			defaultConfigurationIsVisible = 0;
			defaultConfigurationName = Release;
		};
		CEACFA7629196DA6003A64EE /* Build configuration list for PBXNativeTarget "SongHavenUITests" */ = {
			isa = XCConfigurationList;
			buildConfigurations = (
				CEACFA7729196DA6003A64EE /* Debug */,
				CEACFA7829196DA6003A64EE /* Release */,
			);
			defaultConfigurationIsVisible = 0;
			defaultConfigurationName = Release;
		};
/* End XCConfigurationList section */

/* Begin XCVersionGroup section */
		CEACFA5529196DA6003A64EE /* SongHaven.xcdatamodeld */ = {
			isa = XCVersionGroup;
			children = (
				CEACFA5629196DA6003A64EE /* SongHaven.xcdatamodel */,
			);
			currentVersion = CEACFA5629196DA6003A64EE /* SongHaven.xcdatamodel */;
			path = SongHaven.xcdatamodeld;
			sourceTree = "<group>";
			versionGroupType = wrapper.xcdatamodel;
		};
/* End XCVersionGroup section */
	};
	rootObject = CEACFA3F29196DA5003A64EE /* Project object */;
}
